
Microsoft Visual Studio Solution File, Format Version 12.00
# Visual Studio Version 17
VisualStudioVersion = 17.0.32112.339
MinimumVisualStudioVersion = 10.0.40219.1
Project("{FAE04EC0-301F-11D3-BF4B-00C04F79EFBC}") = "CuaHangDoCauCa", "CuaHangDoCauCa.csproj", "{CE688C4E-59BE-4985-BFE7-69812752A99A}"
EndProject
Global
	GlobalSection(SolutionConfigurationPlatforms) = preSolution
		Debug|Any CPU = Debug|Any CPU
		Release|Any CPU = Release|Any CPU
	EndGlobalSection
	GlobalSection(ProjectConfigurationPlatforms) = postSolution
		{CE688C4E-59BE-4985-BFE7-69812752A99A}.Debug|Any CPU.ActiveCfg = Debug|Any CPU
		{CE688C4E-59BE-4985-BFE7-69812752A99A}.Debug|Any CPU.Build.0 = Debug|Any CPU
		{CE688C4E-59BE-4985-BFE7-69812752A99A}.Release|Any CPU.ActiveCfg = Release|Any CPU
		{CE688C4E-59BE-4985-BFE7-69812752A99A}.Release|Any CPU.Build.0 = Release|Any CPU
	EndGlobalSection
	GlobalSection(SolutionProperties) = preSolution
		HideSolutionNode = FALSE
	EndGlobalSection
	GlobalSection(ExtensibilityGlobals) = postSolution
		SolutionGuid = {026F8111-06E8-4922-A1BA-61AAD1473EAA}
	EndGlobalSection
EndGlobal
